{
  "name": "bin_cli",
  "version": "1.0.0",
  "lockfileVersion": 2,
  "requires": true,
  "packages": {
    "": {
      "name": "bin_cli",
      "version": "1.0.0",
      "license": "ISC",
      "bin": {
        "decrypt": "bin/moduleDecrypt.js",
        "encrypt": "bin/moduleEncrypt.js"
      }
    }
  }
}
